
Microsoft Visual Studio Solution File, Format Version 12.00
# Visual Studio Version 17
VisualStudioVersion = 17.14.36811.4
MinimumVisualStudioVersion = 10.0.40219.1
Project("{FAE04EC0-301F-11D3-BF4B-00C04F79EFBC}") = "01. Reverse Strings", "01. Reverse Strings\01. Reverse Strings.csproj", "{AFEBD8DC-7E84-4885-9DB0-4B2DC67AFE7E}"
EndProject
Project("{FAE04EC0-301F-11D3-BF4B-00C04F79EFBC}") = "02. Repeat Strings", "02. Repeat Strings\02. Repeat Strings.csproj", "{4BE05568-7C55-400E-B1CB-67C8ABA52EBA}"
EndProject
Project("{FAE04EC0-301F-11D3-BF4B-00C04F79EFBC}") = "03. Substring", "03. Substring\03. Substring.csproj", "{384727F3-8DF7-4C5F-BA0E-257436450E74}"
EndProject
Global
	GlobalSection(SolutionConfigurationPlatforms) = preSolution
		Debug|Any CPU = Debug|Any CPU
		Release|Any CPU = Release|Any CPU
	EndGlobalSection
	GlobalSection(ProjectConfigurationPlatforms) = postSolution
		{AFEBD8DC-7E84-4885-9DB0-4B2DC67AFE7E}.Debug|Any CPU.ActiveCfg = Debug|Any CPU
		{AFEBD8DC-7E84-4885-9DB0-4B2DC67AFE7E}.Debug|Any CPU.Build.0 = Debug|Any CPU
		{AFEBD8DC-7E84-4885-9DB0-4B2DC67AFE7E}.Release|Any CPU.ActiveCfg = Release|Any CPU
		{AFEBD8DC-7E84-4885-9DB0-4B2DC67AFE7E}.Release|Any CPU.Build.0 = Release|Any CPU
		{4BE05568-7C55-400E-B1CB-67C8ABA52EBA}.Debug|Any CPU.ActiveCfg = Debug|Any CPU
		{4BE05568-7C55-400E-B1CB-67C8ABA52EBA}.Debug|Any CPU.Build.0 = Debug|Any CPU
		{4BE05568-7C55-400E-B1CB-67C8ABA52EBA}.Release|Any CPU.ActiveCfg = Release|Any CPU
		{4BE05568-7C55-400E-B1CB-67C8ABA52EBA}.Release|Any CPU.Build.0 = Release|Any CPU
		{384727F3-8DF7-4C5F-BA0E-257436450E74}.Debug|Any CPU.ActiveCfg = Debug|Any CPU
		{384727F3-8DF7-4C5F-BA0E-257436450E74}.Debug|Any CPU.Build.0 = Debug|Any CPU
		{384727F3-8DF7-4C5F-BA0E-257436450E74}.Release|Any CPU.ActiveCfg = Release|Any CPU
		{384727F3-8DF7-4C5F-BA0E-257436450E74}.Release|Any CPU.Build.0 = Release|Any CPU
	EndGlobalSection
	GlobalSection(SolutionProperties) = preSolution
		HideSolutionNode = FALSE
	EndGlobalSection
	GlobalSection(ExtensibilityGlobals) = postSolution
		SolutionGuid = {15D32881-42F8-468D-9B58-442250A96B75}
	EndGlobalSection
EndGlobal
